<?xml version="1.0" encoding="utf-8"?>
<Project ToolsVersion="4.0" xmlns="http://schemas.microsoft.com/developer/msbuild/2003">
  <ItemGroup>
    <Filter Include="Source Files">
      <UniqueIdentifier>{4FC737F1-C7A5-4376-A066-2A32D752A2FF}</UniqueIdentifier>
      <Extensions>cpp;c;cc;cxx;def;odl;idl;hpj;bat;asm;asmx</Extensions>
    </Filter>
    <Filter Include="Source Files\Shaders">
      <UniqueIdentifier>{863f17d7-af54-40f0-90f3-f94d128c6588}</UniqueIdentifier>
    </Filter>
    <Filter Include="Source Files\Compute">
      <UniqueIdentifier>{63bd7176-4ebe-4a50-ba27-c0d2f5e77466}</UniqueIdentifier>
    </Filter>
  </ItemGroup>
  <ItemGroup>
    <ClCompile Include="GPUDrivenRenderer.cpp">
      <Filter>Source Files</Filter>
    </ClCompile>
    <ClCompile Include="GPUDrivenSample.cpp">
      <Filter>Source Files</Filter>
    </ClCompile>
    <ClCompile Include="GPUDrivenTicker.cpp">
      <Filter>Source Files</Filter>
    </ClCompile>
    <ClCompile Include="stdafx.cpp">
      <Filter>Source Files</Filter>
    </ClCompile>
    <ClCompile Include="SceneMetaInfos.cpp">
      <Filter>Source Files</Filter>
    </ClCompile>
    <ClCompile Include="HiZDownSampleCS.cpp">
      <Filter>Source Files\Compute</Filter>
    </ClCompile>
    <ClCompile Include="InstanceFrustumCullCS.cpp">
      <Filter>Source Files\Compute</Filter>
    </ClCompile>
    <ClCompile Include="ComputeDispatchCmd.cpp">
      <Filter>Source Files\Compute</Filter>
    </ClCompile>
    <ClCompile Include="ClusterCullCS.cpp">
      <Filter>Source Files\Compute</Filter>
    </ClCompile>
    <ClCompile Include="TriangleCullCS.cpp">
      <Filter>Source Files\Compute</Filter>
    </ClCompile>
    <ClCompile Include="CompactDrawCommandsCS.cpp">
      <Filter>Source Files\Compute</Filter>
    </ClCompile>
  </ItemGroup>
  <ItemGroup>
    <ClInclude Include="GPUDrivenRenderer.h">
      <Filter>Source Files</Filter>
    </ClInclude>
    <ClInclude Include="GPUDrivenTicker.h">
      <Filter>Source Files</Filter>
    </ClInclude>
    <ClInclude Include="stdafx.h">
      <Filter>Source Files</Filter>
    </ClInclude>
    <ClInclude Include="SceneMetaInfos.h">
      <Filter>Source Files</Filter>
    </ClInclude>
    <ClInclude Include="HiZDownSampleCS.h">
      <Filter>Source Files\Compute</Filter>
    </ClInclude>
    <ClInclude Include="InstanceFrustumCullCS.h">
      <Filter>Source Files\Compute</Filter>
    </ClInclude>
    <ClInclude Include="ComputeUniforms.h">
      <Filter>Source Files\Compute</Filter>
    </ClInclude>
    <ClInclude Include="ComputeDispatchCmd.h">
      <Filter>Source Files\Compute</Filter>
    </ClInclude>
    <ClInclude Include="ClusterCullCS.h">
      <Filter>Source Files\Compute</Filter>
    </ClInclude>
    <ClInclude Include="TriangleCullCS.h">
      <Filter>Source Files\Compute</Filter>
    </ClInclude>
    <ClInclude Include="CompactDrawCommandsCS.h">
      <Filter>Source Files\Compute</Filter>
    </ClInclude>
  </ItemGroup>
  <ItemGroup>
    <None Include="Shaders\Dx12\PS_Common.hlsli">
      <Filter>Source Files\Shaders</Filter>
    </None>
    <None Include="Shaders\Dx12\S_BasePassRS.hlsli">
      <Filter>Source Files\Shaders</Filter>
    </None>
    <None Include="Shaders\Dx12\VS_Instanced.hlsli">
      <Filter>Source Files\Shaders</Filter>
    </None>
  </ItemGroup>
  <ItemGroup>
    <FxCompile Include="Shaders\Dx12\S_DebugOpaquePS.hlsl">
      <Filter>Source Files\Shaders</Filter>
    </FxCompile>
    <FxCompile Include="Shaders\Dx12\S_DebugOpaqueVS.hlsl">
      <Filter>Source Files\Shaders</Filter>
    </FxCompile>
    <FxCompile Include="Shaders\Dx12\S_DepthOnlyVS.hlsl">
      <Filter>Source Files\Shaders</Filter>
    </FxCompile>
    <FxCompile Include="Shaders\Dx12\S_HiZDownSampleCS.hlsl">
      <Filter>Source Files\Shaders</Filter>
    </FxCompile>
    <FxCompile Include="Shaders\Dx12\S_InstanceFrustumCullCS.hlsl">
      <Filter>Source Files\Shaders</Filter>
    </FxCompile>
    <FxCompile Include="Shaders\Dx12\S_ComputeDispatchCmdCS.hlsl">
      <Filter>Source Files\Shaders</Filter>
    </FxCompile>
    <FxCompile Include="Shaders\Dx12\S_ClusterCullCS.hlsl">
      <Filter>Source Files\Shaders</Filter>
    </FxCompile>
    <FxCompile Include="Shaders\Dx12\S_TriangleCullCS.hlsl">
      <Filter>Source Files\Shaders</Filter>
    </FxCompile>
    <FxCompile Include="Shaders\Dx12\S_CompactDrawCommandsCS.hlsl">
      <Filter>Source Files\Shaders</Filter>
    </FxCompile>
  </ItemGroup>
</Project>