<?xml version="1.0" encoding="utf-8"?>
<Project ToolsVersion="4.0" xmlns="http://schemas.microsoft.com/developer/msbuild/2003">
  <ItemGroup>
    <Filter Include="Source Files">
      <UniqueIdentifier>{4FC737F1-C7A5-4376-A066-2A32D752A2FF}</UniqueIdentifier>
      <Extensions>cpp;c;cc;cxx;def;odl;idl;hpj;bat;asm;asmx</Extensions>
    </Filter>
    <Filter Include="Source Files\Shaders">
      <UniqueIdentifier>{863f17d7-af54-40f0-90f3-f94d128c6588}</UniqueIdentifier>
    </Filter>
    <Filter Include="Source Files\Shaders\RTX">
      <UniqueIdentifier>{90af5925-e649-4bf9-94c2-cea49779f0fb}</UniqueIdentifier>
    </Filter>
  </ItemGroup>
  <ItemGroup>
    <ClCompile Include="stdafx.cpp">
      <Filter>Source Files</Filter>
    </ClCompile>
    <ClCompile Include="RTAORenderer.cpp">
      <Filter>Source Files</Filter>
    </ClCompile>
    <ClCompile Include="RTAOSample.cpp">
      <Filter>Source Files</Filter>
    </ClCompile>
    <ClCompile Include="RTAOTicker.cpp">
      <Filter>Source Files</Filter>
    </ClCompile>
    <ClCompile Include="RTXTest.cpp">
      <Filter>Source Files</Filter>
    </ClCompile>
    <ClCompile Include="RTXTest2.cpp">
      <Filter>Source Files</Filter>
    </ClCompile>
  </ItemGroup>
  <ItemGroup>
    <ClInclude Include="stdafx.h">
      <Filter>Source Files</Filter>
    </ClInclude>
    <ClInclude Include="RTAORenderer.h">
      <Filter>Source Files</Filter>
    </ClInclude>
    <ClInclude Include="RTAOTicker.h">
      <Filter>Source Files</Filter>
    </ClInclude>
    <ClInclude Include="RTXTest.h">
      <Filter>Source Files</Filter>
    </ClInclude>
    <ClInclude Include="RTXTest2.h">
      <Filter>Source Files</Filter>
    </ClInclude>
  </ItemGroup>
  <ItemGroup>
    <FxCompile Include="Shaders\Dx12\S_HBAOCS.hlsl">
      <Filter>Source Files\Shaders</Filter>
    </FxCompile>
    <FxCompile Include="Shaders\Dx12\S_DebugOpaquePS.hlsl">
      <Filter>Source Files\Shaders</Filter>
    </FxCompile>
    <FxCompile Include="Shaders\Dx12\S_DebugOpaqueVS.hlsl">
      <Filter>Source Files\Shaders</Filter>
    </FxCompile>
    <FxCompile Include="Shaders\Dx12\S_GTAOCS.hlsl">
      <Filter>Source Files\Shaders</Filter>
    </FxCompile>
    <FxCompile Include="Shaders\Dx12\S_Pathtracer.hlsl">
      <Filter>Source Files\Shaders\RTX</Filter>
    </FxCompile>
    <FxCompile Include="Shaders\Dx12\Raytracing.hlsl">
      <Filter>Source Files\Shaders\RTX</Filter>
    </FxCompile>
  </ItemGroup>
  <ItemGroup>
    <None Include="Shaders\Dx12\Common.hlsli">
      <Filter>Source Files\Shaders</Filter>
    </None>
    <None Include="Shaders\Dx12\PS_Common.hlsli">
      <Filter>Source Files\Shaders</Filter>
    </None>
    <None Include="Shaders\Dx12\S_BasePassRS.hlsli">
      <Filter>Source Files\Shaders</Filter>
    </None>
    <None Include="Shaders\Dx12\VS_Instanced.hlsli">
      <Filter>Source Files\Shaders</Filter>
    </None>
  </ItemGroup>
</Project>