<?xml version="1.0" encoding="utf-8"?>
<Project ToolsVersion="4.0" xmlns="http://schemas.microsoft.com/developer/msbuild/2003">
  <ItemGroup>
    <Filter Include="Source Files">
      <UniqueIdentifier>{4FC737F1-C7A5-4376-A066-2A32D752A2FF}</UniqueIdentifier>
      <Extensions>cpp;c;cc;cxx;def;odl;idl;hpj;bat;asm;asmx</Extensions>
    </Filter>
    <Filter Include="Source Files\Shaders">
      <UniqueIdentifier>{863f17d7-af54-40f0-90f3-f94d128c6588}</UniqueIdentifier>
    </Filter>
    <Filter Include="Source Files\Compute">
      <UniqueIdentifier>{57740afa-e610-40eb-8c85-35fdd65cccfa}</UniqueIdentifier>
    </Filter>
  </ItemGroup>
  <ItemGroup>
    <ClCompile Include="stdafx.cpp">
      <Filter>Source Files</Filter>
    </ClCompile>
    <ClCompile Include="OceanFFTSample.cpp">
      <Filter>Source Files</Filter>
    </ClCompile>
    <ClCompile Include="OceanRenderer.cpp">
      <Filter>Source Files</Filter>
    </ClCompile>
    <ClCompile Include="OceanTicker.cpp">
      <Filter>Source Files</Filter>
    </ClCompile>
    <ClCompile Include="GaussRandomCS.cpp">
      <Filter>Source Files\Compute</Filter>
    </ClCompile>
    <ClCompile Include="HZeroCS.cpp">
      <Filter>Source Files\Compute</Filter>
    </ClCompile>
    <ClCompile Include="HKtCS.cpp">
      <Filter>Source Files\Compute</Filter>
    </ClCompile>
    <ClCompile Include="IFFTCS.cpp">
      <Filter>Source Files\Compute</Filter>
    </ClCompile>
    <ClCompile Include="DisplacementCS.cpp">
      <Filter>Source Files\Compute</Filter>
    </ClCompile>
  </ItemGroup>
  <ItemGroup>
    <ClInclude Include="stdafx.h">
      <Filter>Source Files</Filter>
    </ClInclude>
    <ClInclude Include="OceanRenderer.h">
      <Filter>Source Files</Filter>
    </ClInclude>
    <ClInclude Include="OceanTicker.h">
      <Filter>Source Files</Filter>
    </ClInclude>
    <ClInclude Include="GaussRandomCS.h">
      <Filter>Source Files\Compute</Filter>
    </ClInclude>
    <ClInclude Include="HZeroCS.h">
      <Filter>Source Files\Compute</Filter>
    </ClInclude>
    <ClInclude Include="HKtCS.h">
      <Filter>Source Files\Compute</Filter>
    </ClInclude>
    <ClInclude Include="IFFTCS.h">
      <Filter>Source Files\Compute</Filter>
    </ClInclude>
    <ClInclude Include="DisplacementCS.h">
      <Filter>Source Files\Compute</Filter>
    </ClInclude>
  </ItemGroup>
  <ItemGroup>
    <FxCompile Include="Shaders\Dx12\S_DebugOpaquePS.hlsl">
      <Filter>Source Files\Shaders</Filter>
    </FxCompile>
    <FxCompile Include="Shaders\Dx12\S_DebugOpaqueVS.hlsl">
      <Filter>Source Files\Shaders</Filter>
    </FxCompile>
    <FxCompile Include="Shaders\Dx12\S_HZeroCS.hlsl">
      <Filter>Source Files\Shaders</Filter>
    </FxCompile>
    <FxCompile Include="Shaders\Dx12\S_HKtCS.hlsl">
      <Filter>Source Files\Shaders</Filter>
    </FxCompile>
    <FxCompile Include="Shaders\Dx12\S_IFFTCS.hlsl">
      <Filter>Source Files\Shaders</Filter>
    </FxCompile>
    <FxCompile Include="Shaders\Dx12\S_DisplacementCS.hlsl">
      <Filter>Source Files\Shaders</Filter>
    </FxCompile>
    <FxCompile Include="Shaders\Dx12\S_CheckerGridPS.hlsl">
      <Filter>Source Files\Shaders</Filter>
    </FxCompile>
    <FxCompile Include="Shaders\Dx12\S_CheckerGridVS.hlsl">
      <Filter>Source Files\Shaders</Filter>
    </FxCompile>
  </ItemGroup>
  <ItemGroup>
    <None Include="Shaders\Dx12\Common.hlsli">
      <Filter>Source Files\Shaders</Filter>
    </None>
    <None Include="Shaders\Dx12\PS_Common.hlsli">
      <Filter>Source Files\Shaders</Filter>
    </None>
    <None Include="Shaders\Dx12\S_BasePassRS.hlsli">
      <Filter>Source Files\Shaders</Filter>
    </None>
    <None Include="Shaders\Dx12\VS_Instanced.hlsli">
      <Filter>Source Files\Shaders</Filter>
    </None>
  </ItemGroup>
</Project>