<?xml version="1.0" encoding="utf-8"?>
<Project ToolsVersion="4.0" xmlns="http://schemas.microsoft.com/developer/msbuild/2003">
  <ItemGroup>
    <Filter Include="Source Files">
      <UniqueIdentifier>{4FC737F1-C7A5-4376-A066-2A32D752A2FF}</UniqueIdentifier>
      <Extensions>cpp;c;cc;cxx;def;odl;idl;hpj;bat;asm;asmx</Extensions>
    </Filter>
    <Filter Include="Source Files\TiX2">
      <UniqueIdentifier>{d92e03a0-f089-455a-9aab-6aeb25dfa336}</UniqueIdentifier>
    </Filter>
  </ItemGroup>
  <ItemGroup>
    <ClInclude Include="ResMeshHelper.h">
      <Filter>Source Files</Filter>
    </ClInclude>
    <ClInclude Include="stdafx.h">
      <Filter>Source Files</Filter>
    </ClInclude>
    <ClInclude Include="targetver.h">
      <Filter>Source Files</Filter>
    </ClInclude>
    <ClInclude Include="ResHelper.h">
      <Filter>Source Files</Filter>
    </ClInclude>
    <ClInclude Include="ResTextureHelper.h">
      <Filter>Source Files</Filter>
    </ClInclude>
    <ClInclude Include="dds.h">
      <Filter>Source Files</Filter>
    </ClInclude>
    <ClInclude Include="ResMaterialInstanceHelper.h">
      <Filter>Source Files</Filter>
    </ClInclude>
    <ClInclude Include="ResMaterialHelper.h">
      <Filter>Source Files</Filter>
    </ClInclude>
    <ClInclude Include="ResShaderBindingHelper.h">
      <Filter>Source Files</Filter>
    </ClInclude>
    <ClInclude Include="ResConverter.h">
      <Filter>Source Files</Filter>
    </ClInclude>
    <ClInclude Include="..\..\Sources\Engine\TFile.h">
      <Filter>Source Files\TiX2</Filter>
    </ClInclude>
    <ClInclude Include="..\..\Sources\Engine\TJSON.h">
      <Filter>Source Files\TiX2</Filter>
    </ClInclude>
    <ClInclude Include="ResSceneHelper.h">
      <Filter>Source Files</Filter>
    </ClInclude>
    <ClInclude Include="ResSettings.h">
      <Filter>Source Files</Filter>
    </ClInclude>
    <ClInclude Include="ResMultiThreadTask.h">
      <Filter>Source Files</Filter>
    </ClInclude>
    <ClInclude Include="..\..\Sources\Engine\TThread.h">
      <Filter>Source Files\TiX2</Filter>
    </ClInclude>
    <ClInclude Include="..\..\Sources\Engine\TImage.h">
      <Filter>Source Files\TiX2</Filter>
    </ClInclude>
    <ClInclude Include="..\..\Sources\Engine\TLog.h">
      <Filter>Source Files\TiX2</Filter>
    </ClInclude>
    <ClInclude Include="ResSceneTileHelper.h">
      <Filter>Source Files</Filter>
    </ClInclude>
    <ClInclude Include="ResMeshCluster.h">
      <Filter>Source Files</Filter>
    </ClInclude>
    <ClInclude Include="TSmallestEncloseSphere.h">
      <Filter>Source Files</Filter>
    </ClInclude>
    <ClInclude Include="TSphere.h">
      <Filter>Source Files</Filter>
    </ClInclude>
    <ClInclude Include="..\..\Sources\Engine\TCrc.h">
      <Filter>Source Files\TiX2</Filter>
    </ClInclude>
    <ClInclude Include="..\..\Sources\Engine\TPlatformUtils.h">
      <Filter>Source Files\TiX2</Filter>
    </ClInclude>
    <ClInclude Include="..\..\Sources\Engine\TTimer.h">
      <Filter>Source Files\TiX2</Filter>
    </ClInclude>
    <ClInclude Include="ResTextureTaskHelper.h">
      <Filter>Source Files</Filter>
    </ClInclude>
    <ClInclude Include="ResSkeletonHelper.h">
      <Filter>Source Files</Filter>
    </ClInclude>
    <ClInclude Include="ResAnimSequenceHelper.h">
      <Filter>Source Files</Filter>
    </ClInclude>
    <ClInclude Include="ResRtxPipelineHelper.h">
      <Filter>Source Files</Filter>
    </ClInclude>
  </ItemGroup>
  <ItemGroup>
    <ClCompile Include="stdafx.cpp">
      <Filter>Source Files</Filter>
    </ClCompile>
    <ClCompile Include="ResMeshHelper.cpp">
      <Filter>Source Files</Filter>
    </ClCompile>
    <ClCompile Include="ResHelper.cpp">
      <Filter>Source Files</Filter>
    </ClCompile>
    <ClCompile Include="ResConverter.cpp">
      <Filter>Source Files</Filter>
    </ClCompile>
    <ClCompile Include="ResTextureHelper.cpp">
      <Filter>Source Files</Filter>
    </ClCompile>
    <ClCompile Include="ResTextureHelperDds.cpp">
      <Filter>Source Files</Filter>
    </ClCompile>
    <ClCompile Include="ResMaterialInstanceHelper.cpp">
      <Filter>Source Files</Filter>
    </ClCompile>
    <ClCompile Include="ResMaterialHelper.cpp">
      <Filter>Source Files</Filter>
    </ClCompile>
    <ClCompile Include="ResShaderBindingHelper.cpp">
      <Filter>Source Files</Filter>
    </ClCompile>
    <ClCompile Include="MainWin32.cpp">
      <Filter>Source Files</Filter>
    </ClCompile>
    <ClCompile Include="..\..\Sources\Engine\TFile.cpp">
      <Filter>Source Files\TiX2</Filter>
    </ClCompile>
    <ClCompile Include="ResTextureHelperAstc.cpp">
      <Filter>Source Files</Filter>
    </ClCompile>
    <ClCompile Include="ResTextureHelpeDXTDecoder.cpp">
      <Filter>Source Files</Filter>
    </ClCompile>
    <ClCompile Include="ResSceneHelper.cpp">
      <Filter>Source Files</Filter>
    </ClCompile>
    <ClCompile Include="ResTextureHelperTga.cpp">
      <Filter>Source Files</Filter>
    </ClCompile>
    <ClCompile Include="ResMultiThreadTask.cpp">
      <Filter>Source Files</Filter>
    </ClCompile>
    <ClCompile Include="..\..\Sources\Engine\TThread.cpp">
      <Filter>Source Files\TiX2</Filter>
    </ClCompile>
    <ClCompile Include="..\..\Sources\Engine\TImage.cpp">
      <Filter>Source Files\TiX2</Filter>
    </ClCompile>
    <ClCompile Include="..\..\Sources\Engine\TImageLoaderTGA.cpp">
      <Filter>Source Files\TiX2</Filter>
    </ClCompile>
    <ClCompile Include="..\..\Sources\Engine\TLog.cpp">
      <Filter>Source Files\TiX2</Filter>
    </ClCompile>
    <ClCompile Include="ResSceneTileHelper.cpp">
      <Filter>Source Files</Filter>
    </ClCompile>
    <ClCompile Include="ResMeshCluster.cpp">
      <Filter>Source Files</Filter>
    </ClCompile>
    <ClCompile Include="..\..\Sources\Engine\TPlatformUtils.cpp">
      <Filter>Source Files\TiX2</Filter>
    </ClCompile>
    <ClCompile Include="..\..\Sources\Engine\TTimer.cpp">
      <Filter>Source Files\TiX2</Filter>
    </ClCompile>
    <ClCompile Include="ResTextureHelperHdr.cpp">
      <Filter>Source Files</Filter>
    </ClCompile>
    <ClCompile Include="..\..\Sources\Engine\TImageLoaderHDR.cpp">
      <Filter>Source Files\TiX2</Filter>
    </ClCompile>
    <ClCompile Include="ResTextureHelperEnvCubeFilter.cpp">
      <Filter>Source Files</Filter>
    </ClCompile>
    <ClCompile Include="ResSkeletonHelper.cpp">
      <Filter>Source Files</Filter>
    </ClCompile>
    <ClCompile Include="ResAnimSequenceHelper.cpp">
      <Filter>Source Files</Filter>
    </ClCompile>
    <ClCompile Include="..\..\Sources\Engine\TCrc.cpp">
      <Filter>Source Files\TiX2</Filter>
    </ClCompile>
    <ClCompile Include="ResRtxPipelineHelper.cpp">
      <Filter>Source Files</Filter>
    </ClCompile>
  </ItemGroup>
</Project>