<?xml version="1.0" encoding="utf-8"?>
<Project ToolsVersion="4.0" xmlns="http://schemas.microsoft.com/developer/msbuild/2003">
  <ItemGroup>
    <FxCompile Include="Shaders\Dx12\S_DebugOpaquePS.hlsl">
      <Filter>Source Files\Shaders</Filter>
    </FxCompile>
    <FxCompile Include="Shaders\Dx12\S_DebugOpaqueVS.hlsl">
      <Filter>Source Files\Shaders</Filter>
    </FxCompile>
  </ItemGroup>
  <ItemGroup>
    <ClCompile Include="stdafx.cpp">
      <Filter>Source Files</Filter>
    </ClCompile>
    <ClCompile Include="SkinnedAnimationRenderer.cpp">
      <Filter>Source Files</Filter>
    </ClCompile>
    <ClCompile Include="SkinnedAnimationSample.cpp">
      <Filter>Source Files</Filter>
    </ClCompile>
    <ClCompile Include="SkinnedAnimationTicker.cpp">
      <Filter>Source Files</Filter>
    </ClCompile>
  </ItemGroup>
  <ItemGroup>
    <ClInclude Include="stdafx.h">
      <Filter>Source Files</Filter>
    </ClInclude>
    <ClInclude Include="SkinnedAnimationRenderer.h">
      <Filter>Source Files</Filter>
    </ClInclude>
    <ClInclude Include="SkinnedAnimationTicker.h">
      <Filter>Source Files</Filter>
    </ClInclude>
  </ItemGroup>
  <ItemGroup>
    <None Include="Shaders\Dx12\Common.hlsli">
      <Filter>Source Files\Shaders</Filter>
    </None>
    <None Include="Shaders\Dx12\PS_Common.hlsli">
      <Filter>Source Files\Shaders</Filter>
    </None>
    <None Include="Shaders\Dx12\S_BasePassRS.hlsli">
      <Filter>Source Files\Shaders</Filter>
    </None>
    <None Include="Shaders\Dx12\VS_Instanced.hlsli">
      <Filter>Source Files\Shaders</Filter>
    </None>
  </ItemGroup>
  <ItemGroup>
    <Filter Include="Source Files">
      <UniqueIdentifier>{2c4a7498-b45e-4e7b-8d21-2c8dd5a2fecc}</UniqueIdentifier>
    </Filter>
    <Filter Include="Source Files\Shaders">
      <UniqueIdentifier>{82eb1c42-bba2-40a6-a6e8-fb87cf07d67e}</UniqueIdentifier>
    </Filter>
  </ItemGroup>
</Project>