<?xml version="1.0" encoding="utf-8"?>
<Project ToolsVersion="4.0" xmlns="http://schemas.microsoft.com/developer/msbuild/2003">
  <ItemGroup>
    <ClCompile Include="MainWin32.cpp">
      <Filter>Sources</Filter>
    </ClCompile>
    <ClCompile Include="stdafx.cpp">
      <Filter>Sources</Filter>
    </ClCompile>
    <ClCompile Include="VTTextureBaker.cpp">
      <Filter>Sources</Filter>
    </ClCompile>
    <ClCompile Include="Baker.cpp">
      <Filter>Sources</Filter>
    </ClCompile>
    <ClCompile Include="..\..\Sources\Engine\TFile.cpp">
      <Filter>Sources\TiX2</Filter>
    </ClCompile>
    <ClCompile Include="..\..\Sources\Engine\TImage.cpp">
      <Filter>Sources\TiX2</Filter>
    </ClCompile>
    <ClCompile Include="..\..\Sources\Engine\TImageLoaderTGA.cpp">
      <Filter>Sources\TiX2</Filter>
    </ClCompile>
    <ClCompile Include="..\..\Sources\Engine\TRegion.cpp">
      <Filter>Sources\TiX2</Filter>
    </ClCompile>
    <ClCompile Include="..\02.MeshConverter\PlatformUtils.cpp">
      <Filter>Sources\ResConverter</Filter>
    </ClCompile>
    <ClCompile Include="..\02.MeshConverter\ResMultiThreadTask.cpp">
      <Filter>Sources\ResConverter</Filter>
    </ClCompile>
    <ClCompile Include="..\..\Sources\Engine\TThread.cpp">
      <Filter>Sources\TiX2</Filter>
    </ClCompile>
    <ClCompile Include="..\..\Sources\Engine\TTimer.cpp">
      <Filter>Sources\TiX2</Filter>
    </ClCompile>
  </ItemGroup>
  <ItemGroup>
    <ClInclude Include="stdafx.h">
      <Filter>Sources</Filter>
    </ClInclude>
    <ClInclude Include="targetver.h">
      <Filter>Sources</Filter>
    </ClInclude>
    <ClInclude Include="VTTextureBaker.h">
      <Filter>Sources</Filter>
    </ClInclude>
    <ClInclude Include="Baker.h">
      <Filter>Sources</Filter>
    </ClInclude>
    <ClInclude Include="..\..\Sources\Engine\TFile.h">
      <Filter>Sources\TiX2</Filter>
    </ClInclude>
    <ClInclude Include="..\..\Sources\Engine\TImage.h">
      <Filter>Sources\TiX2</Filter>
    </ClInclude>
    <ClInclude Include="..\..\Sources\Engine\TRegion.h">
      <Filter>Sources\TiX2</Filter>
    </ClInclude>
    <ClInclude Include="..\02.MeshConverter\PlatformUtils.h">
      <Filter>Sources\ResConverter</Filter>
    </ClInclude>
    <ClInclude Include="..\02.MeshConverter\ResMultiThreadTask.h">
      <Filter>Sources\ResConverter</Filter>
    </ClInclude>
    <ClInclude Include="..\..\Sources\Engine\TThread.h">
      <Filter>Sources\TiX2</Filter>
    </ClInclude>
    <ClInclude Include="..\..\Sources\Engine\TTimer.h">
      <Filter>Sources\TiX2</Filter>
    </ClInclude>
  </ItemGroup>
  <ItemGroup>
    <Filter Include="Sources">
      <UniqueIdentifier>{ce57429a-3086-4483-b599-da8e1d6ec2cd}</UniqueIdentifier>
    </Filter>
    <Filter Include="Sources\TiX2">
      <UniqueIdentifier>{6d511d69-28b6-4685-8a94-df06b20d0c60}</UniqueIdentifier>
    </Filter>
    <Filter Include="Sources\ResConverter">
      <UniqueIdentifier>{c74dc8ca-486a-496d-809a-9d5b5ffe0ea1}</UniqueIdentifier>
    </Filter>
  </ItemGroup>
</Project>