
Microsoft Visual Studio Solution File, Format Version 12.00
# Visual Studio Version 16
VisualStudioVersion = 16.0.30204.135
MinimumVisualStudioVersion = 10.0.40219.1
Project("{8BC9CEB8-8B4A-11D0-8D11-00A0C91BC942}") = "TiX", "TiX.vcxproj", "{35BBC1C9-B035-492D-BED1-E952A99069BC}"
EndProject
Project("{8BC9CEB8-8B4A-11D0-8D11-00A0C91BC942}") = "01.StartUp", "..\..\Samples\01.Startup\StartUp.vcxproj", "{576878BE-6A4B-4DD8-ABDE-E7E3AF0B7C4E}"
EndProject
Project("{8BC9CEB8-8B4A-11D0-8D11-00A0C91BC942}") = "02.ResConverter", "..\..\Samples\02.MeshConverter\ResConverter.vcxproj", "{0C0C8AF9-DC50-4197-ACD1-9D6A885F3E7D}"
EndProject
Project("{8BC9CEB8-8B4A-11D0-8D11-00A0C91BC942}") = "03.SSSSSample", "..\..\Samples\03.SSSSSample\SSSSSample.vcxproj", "{25248071-612B-4150-A467-322A25FCE4AB}"
EndProject
Project("{8BC9CEB8-8B4A-11D0-8D11-00A0C91BC942}") = "04.VirtualTexture", "..\..\Samples\04.VirtualTexture\VirtualTexture.vcxproj", "{F49F0C36-CC2F-4892-BC94-831936233F97}"
EndProject
Project("{8BC9CEB8-8B4A-11D0-8D11-00A0C91BC942}") = "04.VTTextureBaker", "..\..\Samples\04.VTTextureBaker\VTTextureBaker.vcxproj", "{455FDEF7-C6C8-4221-A21C-7F6E4DB69D55}"
EndProject
Project("{8BC9CEB8-8B4A-11D0-8D11-00A0C91BC942}") = "05.GPUDriven0.1", "..\..\Samples\05.GPUDriven\GPUDriven.vcxproj", "{0D723D0A-81EC-458B-963B-AEAE044246AF}"
	ProjectSection(ProjectDependencies) = postProject
		{35BBC1C9-B035-492D-BED1-E952A99069BC} = {35BBC1C9-B035-492D-BED1-E952A99069BC}
	EndProjectSection
EndProject
Project("{8BC9CEB8-8B4A-11D0-8D11-00A0C91BC942}") = "06.GPUDriven0.2", "..\..\Samples\06.GPUDriven0.2\GPUDriven0.2.vcxproj", "{BF1C0BC7-C90B-4921-B98C-073A5BFB3401}"
EndProject
Project("{8BC9CEB8-8B4A-11D0-8D11-00A0C91BC942}") = "07.GTAO", "..\..\Samples\07.GTAO\GTAO.vcxproj", "{CF1EE43B-F0CC-4FA6-A239-FB7B174D68BC}"
EndProject
Project("{8BC9CEB8-8B4A-11D0-8D11-00A0C91BC942}") = "08.SkyAtmosphere", "..\..\Samples\08.SkyAtmosphere\SkyAtmosphere.vcxproj", "{507BE423-3ACF-4A1B-8BB8-2B67D8887695}"
EndProject
Project("{8BC9CEB8-8B4A-11D0-8D11-00A0C91BC942}") = "09.RTAO", "..\..\Samples\09.RTAO\RTAO.vcxproj", "{CCCDE2C9-F20C-4B7E-B902-188326D95B7E}"
EndProject
Project("{8BC9CEB8-8B4A-11D0-8D11-00A0C91BC942}") = "10.OceanFFT", "..\..\Samples\10.OceanFFT\OceanFFT.vcxproj", "{7FE5691E-4354-4DB9-9B2C-8C01C1FDBBA8}"
EndProject
Global
	GlobalSection(SolutionConfigurationPlatforms) = preSolution
		Debug|x64 = Debug|x64
		Release|x64 = Release|x64
	EndGlobalSection
	GlobalSection(ProjectConfigurationPlatforms) = postSolution
		{35BBC1C9-B035-492D-BED1-E952A99069BC}.Debug|x64.ActiveCfg = Debug|x64
		{35BBC1C9-B035-492D-BED1-E952A99069BC}.Debug|x64.Build.0 = Debug|x64
		{35BBC1C9-B035-492D-BED1-E952A99069BC}.Release|x64.ActiveCfg = Release|x64
		{35BBC1C9-B035-492D-BED1-E952A99069BC}.Release|x64.Build.0 = Release|x64
		{576878BE-6A4B-4DD8-ABDE-E7E3AF0B7C4E}.Debug|x64.ActiveCfg = Debug|x64
		{576878BE-6A4B-4DD8-ABDE-E7E3AF0B7C4E}.Debug|x64.Build.0 = Debug|x64
		{576878BE-6A4B-4DD8-ABDE-E7E3AF0B7C4E}.Release|x64.ActiveCfg = Release|x64
		{576878BE-6A4B-4DD8-ABDE-E7E3AF0B7C4E}.Release|x64.Build.0 = Release|x64
		{0C0C8AF9-DC50-4197-ACD1-9D6A885F3E7D}.Debug|x64.ActiveCfg = Debug|x64
		{0C0C8AF9-DC50-4197-ACD1-9D6A885F3E7D}.Debug|x64.Build.0 = Debug|x64
		{0C0C8AF9-DC50-4197-ACD1-9D6A885F3E7D}.Release|x64.ActiveCfg = Release|x64
		{0C0C8AF9-DC50-4197-ACD1-9D6A885F3E7D}.Release|x64.Build.0 = Release|x64
		{25248071-612B-4150-A467-322A25FCE4AB}.Debug|x64.ActiveCfg = Debug|x64
		{25248071-612B-4150-A467-322A25FCE4AB}.Debug|x64.Build.0 = Debug|x64
		{25248071-612B-4150-A467-322A25FCE4AB}.Release|x64.ActiveCfg = Release|x64
		{25248071-612B-4150-A467-322A25FCE4AB}.Release|x64.Build.0 = Release|x64
		{F49F0C36-CC2F-4892-BC94-831936233F97}.Debug|x64.ActiveCfg = Debug|x64
		{F49F0C36-CC2F-4892-BC94-831936233F97}.Debug|x64.Build.0 = Debug|x64
		{F49F0C36-CC2F-4892-BC94-831936233F97}.Release|x64.ActiveCfg = Release|x64
		{F49F0C36-CC2F-4892-BC94-831936233F97}.Release|x64.Build.0 = Release|x64
		{455FDEF7-C6C8-4221-A21C-7F6E4DB69D55}.Debug|x64.ActiveCfg = Debug|x64
		{455FDEF7-C6C8-4221-A21C-7F6E4DB69D55}.Debug|x64.Build.0 = Debug|x64
		{455FDEF7-C6C8-4221-A21C-7F6E4DB69D55}.Release|x64.ActiveCfg = Release|x64
		{455FDEF7-C6C8-4221-A21C-7F6E4DB69D55}.Release|x64.Build.0 = Release|x64
		{0D723D0A-81EC-458B-963B-AEAE044246AF}.Debug|x64.ActiveCfg = Debug|x64
		{0D723D0A-81EC-458B-963B-AEAE044246AF}.Debug|x64.Build.0 = Debug|x64
		{0D723D0A-81EC-458B-963B-AEAE044246AF}.Release|x64.ActiveCfg = Release|x64
		{0D723D0A-81EC-458B-963B-AEAE044246AF}.Release|x64.Build.0 = Release|x64
		{BF1C0BC7-C90B-4921-B98C-073A5BFB3401}.Debug|x64.ActiveCfg = Debug|x64
		{BF1C0BC7-C90B-4921-B98C-073A5BFB3401}.Debug|x64.Build.0 = Debug|x64
		{BF1C0BC7-C90B-4921-B98C-073A5BFB3401}.Release|x64.ActiveCfg = Release|x64
		{BF1C0BC7-C90B-4921-B98C-073A5BFB3401}.Release|x64.Build.0 = Release|x64
		{CF1EE43B-F0CC-4FA6-A239-FB7B174D68BC}.Debug|x64.ActiveCfg = Debug|x64
		{CF1EE43B-F0CC-4FA6-A239-FB7B174D68BC}.Debug|x64.Build.0 = Debug|x64
		{CF1EE43B-F0CC-4FA6-A239-FB7B174D68BC}.Release|x64.ActiveCfg = Release|x64
		{CF1EE43B-F0CC-4FA6-A239-FB7B174D68BC}.Release|x64.Build.0 = Release|x64
		{507BE423-3ACF-4A1B-8BB8-2B67D8887695}.Debug|x64.ActiveCfg = Debug|x64
		{507BE423-3ACF-4A1B-8BB8-2B67D8887695}.Debug|x64.Build.0 = Debug|x64
		{507BE423-3ACF-4A1B-8BB8-2B67D8887695}.Release|x64.ActiveCfg = Release|x64
		{507BE423-3ACF-4A1B-8BB8-2B67D8887695}.Release|x64.Build.0 = Release|x64
		{CCCDE2C9-F20C-4B7E-B902-188326D95B7E}.Debug|x64.ActiveCfg = Debug|x64
		{CCCDE2C9-F20C-4B7E-B902-188326D95B7E}.Debug|x64.Build.0 = Debug|x64
		{CCCDE2C9-F20C-4B7E-B902-188326D95B7E}.Release|x64.ActiveCfg = Release|x64
		{CCCDE2C9-F20C-4B7E-B902-188326D95B7E}.Release|x64.Build.0 = Release|x64
		{7FE5691E-4354-4DB9-9B2C-8C01C1FDBBA8}.Debug|x64.ActiveCfg = Debug|x64
		{7FE5691E-4354-4DB9-9B2C-8C01C1FDBBA8}.Debug|x64.Build.0 = Debug|x64
		{7FE5691E-4354-4DB9-9B2C-8C01C1FDBBA8}.Release|x64.ActiveCfg = Release|x64
		{7FE5691E-4354-4DB9-9B2C-8C01C1FDBBA8}.Release|x64.Build.0 = Release|x64
	EndGlobalSection
	GlobalSection(SolutionProperties) = preSolution
		HideSolutionNode = FALSE
	EndGlobalSection
	GlobalSection(ExtensibilityGlobals) = postSolution
		SolutionGuid = {5B59221C-37A6-4579-88DB-87E1DEC6C7F5}
	EndGlobalSection
	GlobalSection(Performance) = preSolution
		HasPerformanceSessions = true
	EndGlobalSection
	GlobalSection(Performance) = preSolution
		HasPerformanceSessions = true
	EndGlobalSection
EndGlobal
