
Microsoft Visual Studio Solution File, Format Version 12.00
# Visual Studio 15
VisualStudioVersion = 15.0.27428.2037
MinimumVisualStudioVersion = 10.0.40219.1
Project("{8BC9CEB8-8B4A-11D0-8D11-00A0C91BC942}") = "TiX", "TiX.vcxproj", "{35BBC1C9-B035-492D-BED1-E952A99069BC}"
EndProject
Project("{8BC9CEB8-8B4A-11D0-8D11-00A0C91BC942}") = "StartUp", "..\..\Samples\01.Startup\StartUp.vcxproj", "{576878BE-6A4B-4DD8-ABDE-E7E3AF0B7C4E}"
EndProject
Project("{8BC9CEB8-8B4A-11D0-8D11-00A0C91BC942}") = "MeshConverter", "..\..\Samples\02.MeshConverter\MeshConverter.vcxproj", "{0C0C8AF9-DC50-4197-ACD1-9D6A885F3E7D}"
EndProject
Global
	GlobalSection(SolutionConfigurationPlatforms) = preSolution
		Debug|x64 = Debug|x64
		Debug|x86 = Debug|x86
		Release|x64 = Release|x64
		Release|x86 = Release|x86
	EndGlobalSection
	GlobalSection(ProjectConfigurationPlatforms) = postSolution
		{35BBC1C9-B035-492D-BED1-E952A99069BC}.Debug|x64.ActiveCfg = Debug|x64
		{35BBC1C9-B035-492D-BED1-E952A99069BC}.Debug|x64.Build.0 = Debug|x64
		{35BBC1C9-B035-492D-BED1-E952A99069BC}.Debug|x86.ActiveCfg = Debug|Win32
		{35BBC1C9-B035-492D-BED1-E952A99069BC}.Debug|x86.Build.0 = Debug|Win32
		{35BBC1C9-B035-492D-BED1-E952A99069BC}.Release|x64.ActiveCfg = Release|x64
		{35BBC1C9-B035-492D-BED1-E952A99069BC}.Release|x64.Build.0 = Release|x64
		{35BBC1C9-B035-492D-BED1-E952A99069BC}.Release|x86.ActiveCfg = Release|Win32
		{35BBC1C9-B035-492D-BED1-E952A99069BC}.Release|x86.Build.0 = Release|Win32
		{576878BE-6A4B-4DD8-ABDE-E7E3AF0B7C4E}.Debug|x64.ActiveCfg = Debug|x64
		{576878BE-6A4B-4DD8-ABDE-E7E3AF0B7C4E}.Debug|x64.Build.0 = Debug|x64
		{576878BE-6A4B-4DD8-ABDE-E7E3AF0B7C4E}.Debug|x86.ActiveCfg = Debug|x64
		{576878BE-6A4B-4DD8-ABDE-E7E3AF0B7C4E}.Release|x64.ActiveCfg = Release|x64
		{576878BE-6A4B-4DD8-ABDE-E7E3AF0B7C4E}.Release|x64.Build.0 = Release|x64
		{576878BE-6A4B-4DD8-ABDE-E7E3AF0B7C4E}.Release|x86.ActiveCfg = Release|x64
		{0C0C8AF9-DC50-4197-ACD1-9D6A885F3E7D}.Debug|x64.ActiveCfg = Debug|x64
		{0C0C8AF9-DC50-4197-ACD1-9D6A885F3E7D}.Debug|x64.Build.0 = Debug|x64
		{0C0C8AF9-DC50-4197-ACD1-9D6A885F3E7D}.Debug|x86.ActiveCfg = Debug|Win32
		{0C0C8AF9-DC50-4197-ACD1-9D6A885F3E7D}.Debug|x86.Build.0 = Debug|Win32
		{0C0C8AF9-DC50-4197-ACD1-9D6A885F3E7D}.Release|x64.ActiveCfg = Release|x64
		{0C0C8AF9-DC50-4197-ACD1-9D6A885F3E7D}.Release|x64.Build.0 = Release|x64
		{0C0C8AF9-DC50-4197-ACD1-9D6A885F3E7D}.Release|x86.ActiveCfg = Release|Win32
		{0C0C8AF9-DC50-4197-ACD1-9D6A885F3E7D}.Release|x86.Build.0 = Release|Win32
	EndGlobalSection
	GlobalSection(SolutionProperties) = preSolution
		HideSolutionNode = FALSE
	EndGlobalSection
	GlobalSection(ExtensibilityGlobals) = postSolution
		SolutionGuid = {5B59221C-37A6-4579-88DB-87E1DEC6C7F5}
	EndGlobalSection
EndGlobal
