<?xml version="1.0" encoding="utf-8"?>
<Project ToolsVersion="4.0" xmlns="http://schemas.microsoft.com/developer/msbuild/2003">
  <ItemGroup>
    <Filter Include="Sources">
      <UniqueIdentifier>{4FC737F1-C7A5-4376-A066-2A32D752A2FF}</UniqueIdentifier>
      <Extensions>cpp;c;cc;cxx;def;odl;idl;hpj;bat;asm;asmx</Extensions>
    </Filter>
    <Filter Include="Sources\Math">
      <UniqueIdentifier>{792fa46e-55e2-40af-b511-5e2233b59cbd}</UniqueIdentifier>
    </Filter>
    <Filter Include="Sources\Common">
      <UniqueIdentifier>{7be8bd32-5d48-4d9a-b463-25ede946d0fa}</UniqueIdentifier>
    </Filter>
  </ItemGroup>
  <ItemGroup>
    <ClCompile Include="..\..\Sources\Engine\stdafx.cpp">
      <Filter>Sources</Filter>
    </ClCompile>
    <ClCompile Include="..\..\Sources\Engine\TEngine.cpp">
      <Filter>Sources</Filter>
    </ClCompile>
    <ClCompile Include="..\..\Sources\Engine\TDevice.cpp">
      <Filter>Sources\Common</Filter>
    </ClCompile>
    <ClCompile Include="..\..\Sources\Engine\TDeviceWin32.cpp">
      <Filter>Sources\Common</Filter>
    </ClCompile>
    <ClCompile Include="..\..\Sources\Engine\TFile.cpp">
      <Filter>Sources\Common</Filter>
    </ClCompile>
    <ClCompile Include="..\..\Sources\Engine\TInput.cpp">
      <Filter>Sources\Common</Filter>
    </ClCompile>
    <ClCompile Include="..\..\Sources\Engine\TStream.cpp">
      <Filter>Sources\Common</Filter>
    </ClCompile>
    <ClCompile Include="..\..\Sources\Engine\TTimer.cpp">
      <Filter>Sources\Common</Filter>
    </ClCompile>
    <ClCompile Include="..\..\Sources\Engine\TLog.cpp">
      <Filter>Sources\Common</Filter>
    </ClCompile>
    <ClCompile Include="..\..\Sources\Engine\TThread.cpp">
      <Filter>Sources\Common</Filter>
    </ClCompile>
  </ItemGroup>
  <ItemGroup>
    <ClInclude Include="..\..\Sources\Engine\stdafx.h">
      <Filter>Sources</Filter>
    </ClInclude>
    <ClInclude Include="..\..\Sources\Engine\TiX.h">
      <Filter>Sources</Filter>
    </ClInclude>
    <ClInclude Include="..\..\Sources\Engine\TEngine.h">
      <Filter>Sources</Filter>
    </ClInclude>
    <ClInclude Include="..\..\Sources\Engine\TVersion.h">
      <Filter>Sources</Filter>
    </ClInclude>
    <ClInclude Include="..\..\Sources\Engine\TConfig.h">
      <Filter>Sources</Filter>
    </ClInclude>
    <ClInclude Include="..\..\Sources\Engine\TDefines.h">
      <Filter>Sources</Filter>
    </ClInclude>
    <ClInclude Include="..\..\Sources\Engine\math\Aabbox3d.h">
      <Filter>Sources\Math</Filter>
    </ClInclude>
    <ClInclude Include="..\..\Sources\Engine\math\Line2d.h">
      <Filter>Sources\Math</Filter>
    </ClInclude>
    <ClInclude Include="..\..\Sources\Engine\math\Line3d.h">
      <Filter>Sources\Math</Filter>
    </ClInclude>
    <ClInclude Include="..\..\Sources\Engine\math\Matrix3.h">
      <Filter>Sources\Math</Filter>
    </ClInclude>
    <ClInclude Include="..\..\Sources\Engine\math\Matrix4.h">
      <Filter>Sources\Math</Filter>
    </ClInclude>
    <ClInclude Include="..\..\Sources\Engine\math\Plane3d.h">
      <Filter>Sources\Math</Filter>
    </ClInclude>
    <ClInclude Include="..\..\Sources\Engine\math\Quaternion.h">
      <Filter>Sources\Math</Filter>
    </ClInclude>
    <ClInclude Include="..\..\Sources\Engine\math\Rect.h">
      <Filter>Sources\Math</Filter>
    </ClInclude>
    <ClInclude Include="..\..\Sources\Engine\math\SViewFrustum.h">
      <Filter>Sources\Math</Filter>
    </ClInclude>
    <ClInclude Include="..\..\Sources\Engine\math\Triangle3d.h">
      <Filter>Sources\Math</Filter>
    </ClInclude>
    <ClInclude Include="..\..\Sources\Engine\math\Vector2d.h">
      <Filter>Sources\Math</Filter>
    </ClInclude>
    <ClInclude Include="..\..\Sources\Engine\math\Vector3d.h">
      <Filter>Sources\Math</Filter>
    </ClInclude>
    <ClInclude Include="..\..\Sources\Engine\math\Vector4d.h">
      <Filter>Sources\Math</Filter>
    </ClInclude>
    <ClInclude Include="..\..\Sources\Engine\TEngineConfig.h">
      <Filter>Sources</Filter>
    </ClInclude>
    <ClInclude Include="..\..\Sources\Engine\TDevice.h">
      <Filter>Sources\Common</Filter>
    </ClInclude>
    <ClInclude Include="..\..\Sources\Engine\TDeviceWin32.h">
      <Filter>Sources\Common</Filter>
    </ClInclude>
    <ClInclude Include="..\..\Sources\Engine\TFile.h">
      <Filter>Sources\Common</Filter>
    </ClInclude>
    <ClInclude Include="..\..\Sources\Engine\TInput.h">
      <Filter>Sources\Common</Filter>
    </ClInclude>
    <ClInclude Include="..\..\Sources\Engine\TInputEventType.h">
      <Filter>Sources\Common</Filter>
    </ClInclude>
    <ClInclude Include="..\..\Sources\Engine\TStream.h">
      <Filter>Sources\Common</Filter>
    </ClInclude>
    <ClInclude Include="..\..\Sources\Engine\TMath.h">
      <Filter>Sources\Common</Filter>
    </ClInclude>
    <ClInclude Include="..\..\Sources\Engine\TLog.h">
      <Filter>Sources\Common</Filter>
    </ClInclude>
    <ClInclude Include="..\..\Sources\Engine\TTimer.h">
      <Filter>Sources\Common</Filter>
    </ClInclude>
    <ClInclude Include="..\..\Sources\Engine\TTypeCull.h">
      <Filter>Sources\Common</Filter>
    </ClInclude>
    <ClInclude Include="..\..\Sources\Engine\TTypeMesh.h">
      <Filter>Sources\Common</Filter>
    </ClInclude>
    <ClInclude Include="..\..\Sources\Engine\TTypeNode.h">
      <Filter>Sources\Common</Filter>
    </ClInclude>
    <ClInclude Include="..\..\Sources\Engine\TTypePixelFormat.h">
      <Filter>Sources\Common</Filter>
    </ClInclude>
    <ClInclude Include="..\..\Sources\Engine\TTypeRenderer.h">
      <Filter>Sources\Common</Filter>
    </ClInclude>
    <ClInclude Include="..\..\Sources\Engine\TTypes.h">
      <Filter>Sources\Common</Filter>
    </ClInclude>
    <ClInclude Include="..\..\Sources\Engine\IReferenceCounted.h">
      <Filter>Sources\Common</Filter>
    </ClInclude>
    <ClInclude Include="..\..\Sources\Engine\IInstrusivePtr.hpp">
      <Filter>Sources\Common</Filter>
    </ClInclude>
    <ClInclude Include="..\..\Sources\Engine\TThread.h">
      <Filter>Sources\Common</Filter>
    </ClInclude>
  </ItemGroup>
</Project>