
Microsoft Visual Studio Solution File, Format Version 12.00
# Visual Studio 15
VisualStudioVersion = 15.0.27428.2037
MinimumVisualStudioVersion = 10.0.40219.1
Project("{8BC9CEB8-8B4A-11D0-8D11-00A0C91BC942}") = "TiX", "TiX.vcxproj", "{35BBC1C9-B035-492D-BED1-E952A99069BC}"
EndProject
Project("{8BC9CEB8-8B4A-11D0-8D11-00A0C91BC942}") = "01.StartUp", "..\..\Samples\01.Startup\StartUp.vcxproj", "{576878BE-6A4B-4DD8-ABDE-E7E3AF0B7C4E}"
EndProject
Project("{8BC9CEB8-8B4A-11D0-8D11-00A0C91BC942}") = "02.ResConverter", "..\..\Samples\02.MeshConverter\ResConverter.vcxproj", "{0C0C8AF9-DC50-4197-ACD1-9D6A885F3E7D}"
EndProject
Project("{8BC9CEB8-8B4A-11D0-8D11-00A0C91BC942}") = "03.SSSSSample", "..\..\Samples\03.SSSSSample\SSSSSample.vcxproj", "{25248071-612B-4150-A467-322A25FCE4AB}"
EndProject
Project("{8BC9CEB8-8B4A-11D0-8D11-00A0C91BC942}") = "04.VirtualTexture", "..\..\Samples\04.VirtualTexture\VirtualTexture.vcxproj", "{F49F0C36-CC2F-4892-BC94-831936233F97}"
EndProject
Project("{8BC9CEB8-8B4A-11D0-8D11-00A0C91BC942}") = "04.VTTextureBaker", "..\..\Samples\04.VTTextureBaker\VTTextureBaker.vcxproj", "{455FDEF7-C6C8-4221-A21C-7F6E4DB69D55}"
EndProject
Project("{8BC9CEB8-8B4A-11D0-8D11-00A0C91BC942}") = "05.GPUDriven0.2", "..\..\Samples\05.GPUDriven\GPUDriven.vcxproj", "{0D723D0A-81EC-458B-963B-AEAE044246AF}"
	ProjectSection(ProjectDependencies) = postProject
		{35BBC1C9-B035-492D-BED1-E952A99069BC} = {35BBC1C9-B035-492D-BED1-E952A99069BC}
	EndProjectSection
EndProject
Project("{8BC9CEB8-8B4A-11D0-8D11-00A0C91BC942}") = "06.GPUDriven0.2", "..\..\Samples\06.GPUDriven0.2\GPUDriven0.2.vcxproj", "{BF1C0BC7-C90B-4921-B98C-073A5BFB3401}"
EndProject
Global
	GlobalSection(SolutionConfigurationPlatforms) = preSolution
		Debug|x64 = Debug|x64
		Debug|x86 = Debug|x86
		Release|x64 = Release|x64
		Release|x86 = Release|x86
	EndGlobalSection
	GlobalSection(ProjectConfigurationPlatforms) = postSolution
		{35BBC1C9-B035-492D-BED1-E952A99069BC}.Debug|x64.ActiveCfg = Debug|x64
		{35BBC1C9-B035-492D-BED1-E952A99069BC}.Debug|x64.Build.0 = Debug|x64
		{35BBC1C9-B035-492D-BED1-E952A99069BC}.Debug|x86.ActiveCfg = Debug|Win32
		{35BBC1C9-B035-492D-BED1-E952A99069BC}.Debug|x86.Build.0 = Debug|Win32
		{35BBC1C9-B035-492D-BED1-E952A99069BC}.Release|x64.ActiveCfg = Release|x64
		{35BBC1C9-B035-492D-BED1-E952A99069BC}.Release|x64.Build.0 = Release|x64
		{35BBC1C9-B035-492D-BED1-E952A99069BC}.Release|x86.ActiveCfg = Release|Win32
		{35BBC1C9-B035-492D-BED1-E952A99069BC}.Release|x86.Build.0 = Release|Win32
		{576878BE-6A4B-4DD8-ABDE-E7E3AF0B7C4E}.Debug|x64.ActiveCfg = Debug|x64
		{576878BE-6A4B-4DD8-ABDE-E7E3AF0B7C4E}.Debug|x64.Build.0 = Debug|x64
		{576878BE-6A4B-4DD8-ABDE-E7E3AF0B7C4E}.Debug|x86.ActiveCfg = Debug|x64
		{576878BE-6A4B-4DD8-ABDE-E7E3AF0B7C4E}.Release|x64.ActiveCfg = Release|x64
		{576878BE-6A4B-4DD8-ABDE-E7E3AF0B7C4E}.Release|x64.Build.0 = Release|x64
		{576878BE-6A4B-4DD8-ABDE-E7E3AF0B7C4E}.Release|x86.ActiveCfg = Release|x64
		{0C0C8AF9-DC50-4197-ACD1-9D6A885F3E7D}.Debug|x64.ActiveCfg = Debug|x64
		{0C0C8AF9-DC50-4197-ACD1-9D6A885F3E7D}.Debug|x64.Build.0 = Debug|x64
		{0C0C8AF9-DC50-4197-ACD1-9D6A885F3E7D}.Debug|x86.ActiveCfg = Debug|Win32
		{0C0C8AF9-DC50-4197-ACD1-9D6A885F3E7D}.Debug|x86.Build.0 = Debug|Win32
		{0C0C8AF9-DC50-4197-ACD1-9D6A885F3E7D}.Release|x64.ActiveCfg = Release|x64
		{0C0C8AF9-DC50-4197-ACD1-9D6A885F3E7D}.Release|x64.Build.0 = Release|x64
		{0C0C8AF9-DC50-4197-ACD1-9D6A885F3E7D}.Release|x86.ActiveCfg = Release|Win32
		{0C0C8AF9-DC50-4197-ACD1-9D6A885F3E7D}.Release|x86.Build.0 = Release|Win32
		{25248071-612B-4150-A467-322A25FCE4AB}.Debug|x64.ActiveCfg = Debug|x64
		{25248071-612B-4150-A467-322A25FCE4AB}.Debug|x64.Build.0 = Debug|x64
		{25248071-612B-4150-A467-322A25FCE4AB}.Debug|x86.ActiveCfg = Debug|Win32
		{25248071-612B-4150-A467-322A25FCE4AB}.Debug|x86.Build.0 = Debug|Win32
		{25248071-612B-4150-A467-322A25FCE4AB}.Release|x64.ActiveCfg = Release|x64
		{25248071-612B-4150-A467-322A25FCE4AB}.Release|x64.Build.0 = Release|x64
		{25248071-612B-4150-A467-322A25FCE4AB}.Release|x86.ActiveCfg = Release|Win32
		{25248071-612B-4150-A467-322A25FCE4AB}.Release|x86.Build.0 = Release|Win32
		{F49F0C36-CC2F-4892-BC94-831936233F97}.Debug|x64.ActiveCfg = Debug|x64
		{F49F0C36-CC2F-4892-BC94-831936233F97}.Debug|x64.Build.0 = Debug|x64
		{F49F0C36-CC2F-4892-BC94-831936233F97}.Debug|x86.ActiveCfg = Debug|Win32
		{F49F0C36-CC2F-4892-BC94-831936233F97}.Debug|x86.Build.0 = Debug|Win32
		{F49F0C36-CC2F-4892-BC94-831936233F97}.Release|x64.ActiveCfg = Release|x64
		{F49F0C36-CC2F-4892-BC94-831936233F97}.Release|x64.Build.0 = Release|x64
		{F49F0C36-CC2F-4892-BC94-831936233F97}.Release|x86.ActiveCfg = Release|Win32
		{F49F0C36-CC2F-4892-BC94-831936233F97}.Release|x86.Build.0 = Release|Win32
		{455FDEF7-C6C8-4221-A21C-7F6E4DB69D55}.Debug|x64.ActiveCfg = Debug|x64
		{455FDEF7-C6C8-4221-A21C-7F6E4DB69D55}.Debug|x64.Build.0 = Debug|x64
		{455FDEF7-C6C8-4221-A21C-7F6E4DB69D55}.Debug|x86.ActiveCfg = Debug|Win32
		{455FDEF7-C6C8-4221-A21C-7F6E4DB69D55}.Debug|x86.Build.0 = Debug|Win32
		{455FDEF7-C6C8-4221-A21C-7F6E4DB69D55}.Release|x64.ActiveCfg = Release|x64
		{455FDEF7-C6C8-4221-A21C-7F6E4DB69D55}.Release|x64.Build.0 = Release|x64
		{455FDEF7-C6C8-4221-A21C-7F6E4DB69D55}.Release|x86.ActiveCfg = Release|Win32
		{455FDEF7-C6C8-4221-A21C-7F6E4DB69D55}.Release|x86.Build.0 = Release|Win32
		{0D723D0A-81EC-458B-963B-AEAE044246AF}.Debug|x64.ActiveCfg = Debug|x64
		{0D723D0A-81EC-458B-963B-AEAE044246AF}.Debug|x64.Build.0 = Debug|x64
		{0D723D0A-81EC-458B-963B-AEAE044246AF}.Debug|x86.ActiveCfg = Debug|Win32
		{0D723D0A-81EC-458B-963B-AEAE044246AF}.Debug|x86.Build.0 = Debug|Win32
		{0D723D0A-81EC-458B-963B-AEAE044246AF}.Release|x64.ActiveCfg = Release|x64
		{0D723D0A-81EC-458B-963B-AEAE044246AF}.Release|x64.Build.0 = Release|x64
		{0D723D0A-81EC-458B-963B-AEAE044246AF}.Release|x86.ActiveCfg = Release|Win32
		{0D723D0A-81EC-458B-963B-AEAE044246AF}.Release|x86.Build.0 = Release|Win32
		{BF1C0BC7-C90B-4921-B98C-073A5BFB3401}.Debug|x64.ActiveCfg = Debug|x64
		{BF1C0BC7-C90B-4921-B98C-073A5BFB3401}.Debug|x64.Build.0 = Debug|x64
		{BF1C0BC7-C90B-4921-B98C-073A5BFB3401}.Debug|x86.ActiveCfg = Debug|Win32
		{BF1C0BC7-C90B-4921-B98C-073A5BFB3401}.Debug|x86.Build.0 = Debug|Win32
		{BF1C0BC7-C90B-4921-B98C-073A5BFB3401}.Release|x64.ActiveCfg = Release|x64
		{BF1C0BC7-C90B-4921-B98C-073A5BFB3401}.Release|x64.Build.0 = Release|x64
		{BF1C0BC7-C90B-4921-B98C-073A5BFB3401}.Release|x86.ActiveCfg = Release|Win32
		{BF1C0BC7-C90B-4921-B98C-073A5BFB3401}.Release|x86.Build.0 = Release|Win32
	EndGlobalSection
	GlobalSection(SolutionProperties) = preSolution
		HideSolutionNode = FALSE
	EndGlobalSection
	GlobalSection(ExtensibilityGlobals) = postSolution
		SolutionGuid = {5B59221C-37A6-4579-88DB-87E1DEC6C7F5}
	EndGlobalSection
	GlobalSection(Performance) = preSolution
		HasPerformanceSessions = true
	EndGlobalSection
	GlobalSection(Performance) = preSolution
		HasPerformanceSessions = true
	EndGlobalSection
EndGlobal
