<?xml version="1.0" encoding="utf-8"?>
<Project ToolsVersion="4.0" xmlns="http://schemas.microsoft.com/developer/msbuild/2003">
  <ItemGroup>
    <FxCompile Include="Shaders\Dx12\S_DebugOpaquePS.hlsl">
      <Filter>Source Files\Shaders</Filter>
    </FxCompile>
    <FxCompile Include="Shaders\Dx12\S_DebugOpaqueVS.hlsl">
      <Filter>Source Files\Shaders</Filter>
    </FxCompile>
    <FxCompile Include="Shaders\Dx12\S_SortCS.hlsl">
      <Filter>Source Files\Shaders</Filter>
    </FxCompile>
    <FxCompile Include="Shaders\Dx12\S_ApplyGravityCS.hlsl">
      <Filter>Source Files\Shaders</Filter>
    </FxCompile>
    <FxCompile Include="Shaders\Dx12\S_CalcOffsetsCS.hlsl">
      <Filter>Source Files\Shaders</Filter>
    </FxCompile>
    <FxCompile Include="Shaders\Dx12\S_CellInitCS.hlsl">
      <Filter>Source Files\Shaders</Filter>
    </FxCompile>
    <FxCompile Include="Shaders\Dx12\S_DeltaPosCS.hlsl">
      <Filter>Source Files\Shaders</Filter>
    </FxCompile>
    <FxCompile Include="Shaders\Dx12\S_LambdaCS.hlsl">
      <Filter>Source Files\Shaders</Filter>
    </FxCompile>
    <FxCompile Include="Shaders\Dx12\S_NeighborSearchCS.hlsl">
      <Filter>Source Files\Shaders</Filter>
    </FxCompile>
    <FxCompile Include="Shaders\Dx12\S_P2CellCS.hlsl">
      <Filter>Source Files\Shaders</Filter>
    </FxCompile>
    <FxCompile Include="Shaders\Dx12\S_UpdateVelocityCS.hlsl">
      <Filter>Source Files\Shaders</Filter>
    </FxCompile>
    <FxCompile Include="Shaders\Dx12\S_ParticlesPS.hlsl">
      <Filter>Source Files\Shaders</Filter>
    </FxCompile>
    <FxCompile Include="Shaders\Dx12\S_ParticlesVS.hlsl">
      <Filter>Source Files\Shaders</Filter>
    </FxCompile>
    <FxCompile Include="Shaders\Dx12\S_ApplyDeltaPosCS.hlsl">
      <Filter>Source Files\Shaders</Filter>
    </FxCompile>
  </ItemGroup>
  <ItemGroup>
    <ClCompile Include="FluidSimRenderer.cpp">
      <Filter>Source Files</Filter>
    </ClCompile>
    <ClCompile Include="FluidSimSample.cpp">
      <Filter>Source Files</Filter>
    </ClCompile>
    <ClCompile Include="FluidSimTicker.cpp">
      <Filter>Source Files</Filter>
    </ClCompile>
    <ClCompile Include="stdafx.cpp">
      <Filter>Source Files</Filter>
    </ClCompile>
    <ClCompile Include="FluidSolver.cpp">
      <Filter>Source Files</Filter>
    </ClCompile>
    <ClCompile Include="CellInitCS.cpp">
      <Filter>Source Files\Compute</Filter>
    </ClCompile>
    <ClCompile Include="ApplyGravityCS.cpp">
      <Filter>Source Files\Compute</Filter>
    </ClCompile>
    <ClCompile Include="CalcOffsetsCS.cpp">
      <Filter>Source Files\Compute</Filter>
    </ClCompile>
    <ClCompile Include="DeltaPosCS.cpp">
      <Filter>Source Files\Compute</Filter>
    </ClCompile>
    <ClCompile Include="LambdaCS.cpp">
      <Filter>Source Files\Compute</Filter>
    </ClCompile>
    <ClCompile Include="NeighborSearchCS.cpp">
      <Filter>Source Files\Compute</Filter>
    </ClCompile>
    <ClCompile Include="P2CellCS.cpp">
      <Filter>Source Files\Compute</Filter>
    </ClCompile>
    <ClCompile Include="SortCS.cpp">
      <Filter>Source Files\Compute</Filter>
    </ClCompile>
    <ClCompile Include="UpdateVelocityCS.cpp">
      <Filter>Source Files\Compute</Filter>
    </ClCompile>
    <ClCompile Include="ApplyDeltaPosCS.cpp">
      <Filter>Source Files\Compute</Filter>
    </ClCompile>
    <ClCompile Include="FluidSolverCPU.cpp">
      <Filter>Source Files</Filter>
    </ClCompile>
    <ClCompile Include="FluidSolverGPU.cpp">
      <Filter>Source Files</Filter>
    </ClCompile>
    <ClCompile Include="FluidSolverGrid2d.cpp">
      <Filter>Source Files</Filter>
    </ClCompile>
  </ItemGroup>
  <ItemGroup>
    <ClInclude Include="FluidSimRenderer.h">
      <Filter>Source Files</Filter>
    </ClInclude>
    <ClInclude Include="FluidSimTicker.h">
      <Filter>Source Files</Filter>
    </ClInclude>
    <ClInclude Include="stdafx.h">
      <Filter>Source Files</Filter>
    </ClInclude>
    <ClInclude Include="FluidSolver.h">
      <Filter>Source Files</Filter>
    </ClInclude>
    <ClInclude Include="CellInitCS.h">
      <Filter>Source Files\Compute</Filter>
    </ClInclude>
    <ClInclude Include="ApplyGravityCS.h">
      <Filter>Source Files\Compute</Filter>
    </ClInclude>
    <ClInclude Include="CalcOffsetsCS.h">
      <Filter>Source Files\Compute</Filter>
    </ClInclude>
    <ClInclude Include="DeltaPosCS.h">
      <Filter>Source Files\Compute</Filter>
    </ClInclude>
    <ClInclude Include="LambdaCS.h">
      <Filter>Source Files\Compute</Filter>
    </ClInclude>
    <ClInclude Include="NeighborSearchCS.h">
      <Filter>Source Files\Compute</Filter>
    </ClInclude>
    <ClInclude Include="P2CellCS.h">
      <Filter>Source Files\Compute</Filter>
    </ClInclude>
    <ClInclude Include="SortCS.h">
      <Filter>Source Files\Compute</Filter>
    </ClInclude>
    <ClInclude Include="UpdateVelocityCS.h">
      <Filter>Source Files\Compute</Filter>
    </ClInclude>
    <ClInclude Include="ApplyDeltaPosCS.h">
      <Filter>Source Files\Compute</Filter>
    </ClInclude>
    <ClInclude Include="FluidSolverCPU.h">
      <Filter>Source Files</Filter>
    </ClInclude>
    <ClInclude Include="FluidSolverGPU.h">
      <Filter>Source Files</Filter>
    </ClInclude>
    <ClInclude Include="FluidSolverGrid2d.h">
      <Filter>Source Files</Filter>
    </ClInclude>
  </ItemGroup>
  <ItemGroup>
    <None Include="Shaders\Dx12\Common.hlsli">
      <Filter>Source Files\Shaders</Filter>
    </None>
    <None Include="Shaders\Dx12\PS_Common.hlsli">
      <Filter>Source Files\Shaders</Filter>
    </None>
    <None Include="Shaders\Dx12\S_BasePassRS.hlsli">
      <Filter>Source Files\Shaders</Filter>
    </None>
    <None Include="Shaders\Dx12\VS_Instanced.hlsli">
      <Filter>Source Files\Shaders</Filter>
    </None>
    <None Include="Shaders\Dx12\S_PbfDef.hlsli">
      <Filter>Source Files\Shaders</Filter>
    </None>
  </ItemGroup>
  <ItemGroup>
    <Filter Include="Source Files">
      <UniqueIdentifier>{2c4a7498-b45e-4e7b-8d21-2c8dd5a2fecc}</UniqueIdentifier>
    </Filter>
    <Filter Include="Source Files\Shaders">
      <UniqueIdentifier>{82eb1c42-bba2-40a6-a6e8-fb87cf07d67e}</UniqueIdentifier>
    </Filter>
    <Filter Include="Source Files\Compute">
      <UniqueIdentifier>{87a931ed-f293-415a-996f-3203a693644c}</UniqueIdentifier>
    </Filter>
  </ItemGroup>
</Project>